{
  "version": "5",
  "redirects": {
    "https://esm.sh/@supabase/functions-js@^2.1.5?target=denonext": "https://esm.sh/@supabase/functions-js@2.103.0?target=denonext",
    "https://esm.sh/@supabase/gotrue-js@^2.56.0?target=denonext": "https://esm.sh/@supabase/gotrue-js@2.103.0?target=denonext",
    "https://esm.sh/@supabase/gotrue-js@^2.60.0?target=denonext": "https://esm.sh/@supabase/gotrue-js@2.103.0?target=denonext",
    "https://esm.sh/@supabase/node-fetch@^2.6.14?target=denonext": "https://esm.sh/@supabase/node-fetch@2.6.15?target=denonext",
    "https://esm.sh/@supabase/phoenix@^0.4.0?target=denonext": "https://esm.sh/@supabase/phoenix@0.4.0?target=denonext",
    "https://esm.sh/@supabase/postgrest-js@^1.8.6?target=denonext": "https://esm.sh/@supabase/postgrest-js@1.21.4?target=denonext",
    "https://esm.sh/@supabase/postgrest-js@^1.9.0?target=denonext": "https://esm.sh/@supabase/postgrest-js@1.21.4?target=denonext",
    "https://esm.sh/@supabase/realtime-js@^2.8.4?target=denonext": "https://esm.sh/@supabase/realtime-js@2.103.0?target=denonext",
    "https://esm.sh/@supabase/realtime-js@^2.9.3?target=denonext": "https://esm.sh/@supabase/realtime-js@2.103.0?target=denonext",
    "https://esm.sh/@supabase/storage-js@^2.5.4?target=denonext": "https://esm.sh/@supabase/storage-js@2.103.0?target=denonext",
    "https://esm.sh/iceberg-js@^0.8.1?target=denonext": "https://esm.sh/iceberg-js@0.8.1?target=denonext",
    "https://esm.sh/pure-rand@^6.0.0?target=denonext": "https://esm.sh/pure-rand@6.1.0?target=denonext",
    "https://esm.sh/tr46@~0.0.3?target=denonext": "https://esm.sh/tr46@0.0.3?target=denonext",
    "https://esm.sh/webidl-conversions@^3.0.0?target=denonext": "https://esm.sh/webidl-conversions@3.0.1?target=denonext",
    "https://esm.sh/whatwg-url@^5.0.0?target=denonext": "https://esm.sh/whatwg-url@5.0.0?target=denonext"
  },
  "remote": {
    "https://cdn.skypack.dev/-/fast-check@v3.15.0-8rQwsCkfQIov5bdzbwC8/dist=es2019,mode=imports/optimized/fast-check.js": "1acb11bd37508e935bc5d61a2a39bb82c14b099be4f782ad59beccb91a447cd9",
    "https://cdn.skypack.dev/-/pure-rand@v6.0.4-1TKlOtbLLff4xR19fUWM/dist=es2019,mode=imports/optimized/pure-rand.js": "779dd2b939bd7fb9f97639809e39acc7313bccfc61d1e21701ee94a16b9703da",
    "https://cdn.skypack.dev/fast-check@3.15.0": "8b6c6149254b5fe3aa6f97f329cf82c78ba49fa56726af4c71de838aa250826e",
    "https://deno.land/std@0.168.0/async/abortable.ts": "80b2ac399f142cc528f95a037a7d0e653296352d95c681e284533765961de409",
    "https://deno.land/std@0.168.0/async/deadline.ts": "2c2deb53c7c28ca1dda7a3ad81e70508b1ebc25db52559de6b8636c9278fd41f",
    "https://deno.land/std@0.168.0/async/debounce.ts": "60301ffb37e730cd2d6f9dadfd0ecb2a38857681bd7aaf6b0a106b06e5210a98",
    "https://deno.land/std@0.168.0/async/deferred.ts": "77d3f84255c3627f1cc88699d8472b664d7635990d5358c4351623e098e917d6",
    "https://deno.land/std@0.168.0/async/delay.ts": "5a9bfba8de38840308a7a33786a0155a7f6c1f7a859558ddcec5fe06e16daf57",
    "https://deno.land/std@0.168.0/async/mod.ts": "7809ad4bb223e40f5fdc043e5c7ca04e0e25eed35c32c3c32e28697c553fa6d9",
    "https://deno.land/std@0.168.0/async/mux_async_iterator.ts": "770a0ff26c59f8bbbda6b703a2235f04e379f73238e8d66a087edc68c2a2c35f",
    "https://deno.land/std@0.168.0/async/pool.ts": "6854d8cd675a74c73391c82005cbbe4cc58183bddcd1fbbd7c2bcda42b61cf69",
    "https://deno.land/std@0.168.0/async/retry.ts": "e8e5173623915bbc0ddc537698fa418cf875456c347eda1ed453528645b42e67",
    "https://deno.land/std@0.168.0/async/tee.ts": "3a47cc4e9a940904fd4341f0224907e199121c80b831faa5ec2b054c6d2eff5e",
    "https://deno.land/std@0.168.0/http/server.ts": "e99c1bee8a3f6571ee4cdeb2966efad465b8f6fe62bec1bdb59c1f007cc4d155",
    "https://deno.land/std@0.208.0/assert/_constants.ts": "8a9da298c26750b28b326b297316cdde860bc237533b07e1337c021379e6b2a9",
    "https://deno.land/std@0.208.0/assert/_diff.ts": "58e1461cc61d8eb1eacbf2a010932bf6a05b79344b02ca38095f9b805795dc48",
    "https://deno.land/std@0.208.0/assert/_format.ts": "a69126e8a469009adf4cf2a50af889aca364c349797e63174884a52ff75cf4c7",
    "https://deno.land/std@0.208.0/assert/assert.ts": "9a97dad6d98c238938e7540736b826440ad8c1c1e54430ca4c4e623e585607ee",
    "https://deno.land/std@0.208.0/assert/assert_almost_equals.ts": "e15ca1f34d0d5e0afae63b3f5d975cbd18335a132e42b0c747d282f62ad2cd6c",
    "https://deno.land/std@0.208.0/assert/assert_array_includes.ts": "6856d7f2c3544bc6e62fb4646dfefa3d1df5ff14744d1bca19f0cbaf3b0d66c9",
    "https://deno.land/std@0.208.0/assert/assert_equals.ts": "d8ec8a22447fbaf2fc9d7c3ed2e66790fdb74beae3e482855d75782218d68227",
    "https://deno.land/std@0.208.0/assert/assert_exists.ts": "407cb6b9fb23a835cd8d5ad804e2e2edbbbf3870e322d53f79e1c7a512e2efd7",
    "https://deno.land/std@0.208.0/assert/assert_false.ts": "0ccbcaae910f52c857192ff16ea08bda40fdc79de80846c206bfc061e8c851c6",
    "https://deno.land/std@0.208.0/assert/assert_greater.ts": "ae2158a2d19313bf675bf7251d31c6dc52973edb12ac64ac8fc7064152af3e63",
    "https://deno.land/std@0.208.0/assert/assert_greater_or_equal.ts": "1439da5ebbe20855446cac50097ac78b9742abe8e9a43e7de1ce1426d556e89c",
    "https://deno.land/std@0.208.0/assert/assert_instance_of.ts": "3aedb3d8186e120812d2b3a5dea66a6e42bf8c57a8bd927645770bd21eea554c",
    "https://deno.land/std@0.208.0/assert/assert_is_error.ts": "c21113094a51a296ffaf036767d616a78a2ae5f9f7bbd464cd0197476498b94b",
    "https://deno.land/std@0.208.0/assert/assert_less.ts": "aec695db57db42ec3e2b62e97e1e93db0063f5a6ec133326cc290ff4b71b47e4",
    "https://deno.land/std@0.208.0/assert/assert_less_or_equal.ts": "5fa8b6a3ffa20fd0a05032fe7257bf985d207b85685fdbcd23651b70f928c848",
    "https://deno.land/std@0.208.0/assert/assert_match.ts": "c4083f80600bc190309903c95e397a7c9257ff8b5ae5c7ef91e834704e672e9b",
    "https://deno.land/std@0.208.0/assert/assert_not_equals.ts": "9f1acab95bd1f5fc9a1b17b8027d894509a745d91bac1718fdab51dc76831754",
    "https://deno.land/std@0.208.0/assert/assert_not_instance_of.ts": "0c14d3dfd9ab7a5276ed8ed0b18c703d79a3d106102077ec437bfe7ed912bd22",
    "https://deno.land/std@0.208.0/assert/assert_not_match.ts": "3796a5b0c57a1ce6c1c57883dd4286be13a26f715ea662318ab43a8491a13ab0",
    "https://deno.land/std@0.208.0/assert/assert_not_strict_equals.ts": "4cdef83df17488df555c8aac1f7f5ec2b84ad161b6d0645ccdbcc17654e80c99",
    "https://deno.land/std@0.208.0/assert/assert_object_match.ts": "d8fc2867cfd92eeacf9cea621e10336b666de1874a6767b5ec48988838370b54",
    "https://deno.land/std@0.208.0/assert/assert_rejects.ts": "45c59724de2701e3b1f67c391d6c71c392363635aad3f68a1b3408f9efca0057",
    "https://deno.land/std@0.208.0/assert/assert_strict_equals.ts": "b1f538a7ea5f8348aeca261d4f9ca603127c665e0f2bbfeb91fa272787c87265",
    "https://deno.land/std@0.208.0/assert/assert_string_includes.ts": "b821d39ebf5cb0200a348863c86d8c4c4b398e02012ce74ad15666fc4b631b0c",
    "https://deno.land/std@0.208.0/assert/assert_throws.ts": "63784e951475cb7bdfd59878cd25a0931e18f6dc32a6077c454b2cd94f4f4bcd",
    "https://deno.land/std@0.208.0/assert/assertion_error.ts": "4d0bde9b374dfbcbe8ac23f54f567b77024fb67dbb1906a852d67fe050d42f56",
    "https://deno.land/std@0.208.0/assert/equal.ts": "9f1a46d5993966d2596c44e5858eec821859b45f783a5ee2f7a695dfc12d8ece",
    "https://deno.land/std@0.208.0/assert/fail.ts": "c36353d7ae6e1f7933d45f8ea51e358c8c4b67d7e7502028598fe1fea062e278",
    "https://deno.land/std@0.208.0/assert/mod.ts": "37c49a26aae2b254bbe25723434dc28cd7532e444cf0b481a97c045d110ec085",
    "https://deno.land/std@0.208.0/assert/unimplemented.ts": "d56fbeecb1f108331a380f72e3e010a1f161baa6956fd0f7cf3e095ae1a4c75a",
    "https://deno.land/std@0.208.0/assert/unreachable.ts": "4600dc0baf7d9c15a7f7d234f00c23bca8f3eba8b140286aaca7aa998cf9a536",
    "https://deno.land/std@0.208.0/fmt/colors.ts": "34b3f77432925eb72cf0bfb351616949746768620b8e5ead66da532f93d10ba2",
    "https://esm.sh/@supabase/auth-js@2.99.2/denonext/auth-js.mjs": "a8c9d5085ca53b234df596ddd6ab8f7ae39974708f187efb88ad1e9d6aad7ec3",
    "https://esm.sh/@supabase/functions-js@2.103.0/denonext/functions-js.mjs": "93a483aa7fbe7fd883fcd5a65642122d7c38447dee3a8001a1e595db212997a0",
    "https://esm.sh/@supabase/functions-js@2.103.0?target=denonext": "daefbb3264d791cf0471c1b779fc1e057e6d67f8e9c725ec1aface7ac32325c5",
    "https://esm.sh/@supabase/functions-js@2.99.2/denonext/functions-js.mjs": "8fb46d367ab73a9380567a15d9b5f69eab5d48fbd86eff53212e1613f65591f7",
    "https://esm.sh/@supabase/gotrue-js@2.103.0/denonext/gotrue-js.mjs": "094e43519788d5e635e8c0201f7d70114b8a7868b97acb50b2bb023725ac2e83",
    "https://esm.sh/@supabase/gotrue-js@2.103.0?target=denonext": "668279a3ccfc0b53b03ef8436ee539cec5f34776299898bea62b095bdbf898c7",
    "https://esm.sh/@supabase/node-fetch@2.6.15/denonext/node-fetch.mjs": "0bae9052231f4f6dbccc7234d05ea96923dbf967be12f402764580b6bf9f713d",
    "https://esm.sh/@supabase/node-fetch@2.6.15?target=denonext": "4d28c4ad97328403184353f68434f2b6973971507919e9150297413664919cf3",
    "https://esm.sh/@supabase/phoenix@0.4.0/denonext/phoenix.mjs": "d9187057b2e3276d1110b9d814f737d4f8eff7f8b2765c4aa6bf7c7c30d070c9",
    "https://esm.sh/@supabase/phoenix@0.4.0?target=denonext": "c1df3cfcdcf13e9cfddf86181efbdd8d4099b9a2682188b74106596277a69d16",
    "https://esm.sh/@supabase/postgrest-js@1.21.4/denonext/postgrest-js.mjs": "c3769b11ef02debc78ecf6ab4e152d3cf7dbd05bbbafeb72c160e76cc57cda3c",
    "https://esm.sh/@supabase/postgrest-js@1.21.4?target=denonext": "db2315bc0ff19690cd4239c5adb5f5787f5dea04955058ef1fca541d49555ed6",
    "https://esm.sh/@supabase/postgrest-js@2.99.2/denonext/postgrest-js.mjs": "ff9adfa5bd929a6e52bc8b4d4f95d2423ca107c828150db7679660d5d5445c40",
    "https://esm.sh/@supabase/realtime-js@2.103.0/denonext/realtime-js.mjs": "327afc9d0c67336885cb49e0bab74fcd99c2fd268e7a0e6419d3ca16e164fab4",
    "https://esm.sh/@supabase/realtime-js@2.103.0?target=denonext": "7f36bb8412c8d0a7e725aadab80af45e049ad9ec6cab2518a845bfa8eefa697d",
    "https://esm.sh/@supabase/realtime-js@2.99.2/denonext/realtime-js.mjs": "283ad2a2c27b7391016ce2f5198cc11dcd88ba5142e7e59d71a7977f2974b97a",
    "https://esm.sh/@supabase/storage-js@2.103.0/denonext/storage-js.mjs": "da2230e0505d2a551a1e04863c16cb6c794d22eb3a0aef4d3351aa7279fe8b00",
    "https://esm.sh/@supabase/storage-js@2.103.0?target=denonext": "ea74f80143c988b64311cd27abc9acf5bb87708f7d61681dcaa8056ba9bfaa11",
    "https://esm.sh/@supabase/storage-js@2.99.2/denonext/storage-js.mjs": "61107f13005d7c2812bc3419f32f82e7b07cf357046b10a240e286bab1c710ef",
    "https://esm.sh/@supabase/supabase-js@2.39.0": "f51aeb2dbf8f67c8fa396628af45793e3513067d45705f1ea158f5c678bb0cea",
    "https://esm.sh/@supabase/supabase-js@2.39.0/denonext/supabase-js.mjs": "11e53e706626aa625a6c6dbe6a9a8a6dc6d66a0827cd43507f3a98a0a538ae3c",
    "https://esm.sh/@supabase/supabase-js@2.39.3": "832d7714491bd1c8a9008a332b35cb099f24b451ad79e755ecf4d71985fd6610",
    "https://esm.sh/@supabase/supabase-js@2.39.3/denonext/supabase-js.mjs": "054f4cd1560fa814cdc10d06c0809b00d0817dc06a072fa983e4c023e4346439",
    "https://esm.sh/@supabase/supabase-js@2.99.2": "efb7249144e7f54bf97ebe1a570036360aebb58d882f9f4a3b960aad3958f0bf",
    "https://esm.sh/@supabase/supabase-js@2.99.2/denonext/supabase-js.mjs": "c572f3d76a4b08266be4f82a61da5859fd45c6051791bfd9d4d75df867464342",
    "https://esm.sh/fast-check@3.15.0": "81dd48396995234e445ebd70b5c3a72ea06613d3b2245881f78fff296cf70b94",
    "https://esm.sh/fast-check@3.15.0/denonext/fast-check.mjs": "28dd2d64d3db648180e8c0b83c7ff2f17d50d3a515d7f5f6ce075bbc8144c801",
    "https://esm.sh/iceberg-js@0.8.1/denonext/iceberg-js.mjs": "d839d81a2e3966500ca2cdd0c1cb458e9608bacfc91f7bb67a69b2e878dcdb4f",
    "https://esm.sh/iceberg-js@0.8.1?target=denonext": "58c849d7fe2bf4eca4a84eb501e83c161a7d8c34ca1bec15a962b3bec3062633",
    "https://esm.sh/pure-rand@6.1.0/denonext/pure-rand.mjs": "7da8ca2c2af243dd17b5513288aa8476e6b49f2083d5d2b7b3450234df3a7e0d",
    "https://esm.sh/pure-rand@6.1.0?target=denonext": "dbac353f1ab92cbf4ab45354600000d309495e7b88a679b8fc5ef3e0cdf9ad6c",
    "https://esm.sh/tr46@0.0.3/denonext/tr46.mjs": "5753ec0a99414f4055f0c1f97691100f13d88e48a8443b00aebb90a512785fa2",
    "https://esm.sh/tr46@0.0.3?target=denonext": "19cb9be0f0d418a0c3abb81f2df31f080e9540a04e43b0f699bce1149cba0cbb",
    "https://esm.sh/tslib@2.8.1/denonext/tslib.mjs": "c38da5dd6da6281964435002ce204cd586634fe3bdfb24a0ee116f48cf3292e9",
    "https://esm.sh/webidl-conversions@3.0.1/denonext/webidl-conversions.mjs": "238cd0743827707cbc1c2d7c2cf1027dbc536fb53ec9a3fde0ff8026a3ac5385",
    "https://esm.sh/webidl-conversions@3.0.1?target=denonext": "4e20318d50528084616c79d7b3f6e7f0fe7b6d09013bd01b3974d7448d767e29",
    "https://esm.sh/whatwg-url@5.0.0/denonext/whatwg-url.mjs": "29b16d74ee72624c915745bbd25b617cfd2248c6af0f5120d131e232a9a9af79",
    "https://esm.sh/whatwg-url@5.0.0?target=denonext": "f001a2cadf81312d214ca330033f474e74d81a003e21e8c5d70a1f46dc97b02d"
  },
  "workspace": {
    "packageJson": {
      "dependencies": [
        "npm:@eslint/js@^9.19.0",
        "npm:@hello-pangea/dnd@17",
        "npm:@hookform/resolvers@^4.1.2",
        "npm:@radix-ui/react-accordion@^1.2.3",
        "npm:@radix-ui/react-alert-dialog@^1.1.6",
        "npm:@radix-ui/react-aspect-ratio@^1.1.2",
        "npm:@radix-ui/react-avatar@^1.1.3",
        "npm:@radix-ui/react-checkbox@^1.1.4",
        "npm:@radix-ui/react-collapsible@^1.1.3",
        "npm:@radix-ui/react-context-menu@^2.2.6",
        "npm:@radix-ui/react-dialog@^1.1.6",
        "npm:@radix-ui/react-dropdown-menu@^2.1.6",
        "npm:@radix-ui/react-hover-card@^1.1.6",
        "npm:@radix-ui/react-label@^2.1.2",
        "npm:@radix-ui/react-menubar@^1.1.6",
        "npm:@radix-ui/react-navigation-menu@^1.2.5",
        "npm:@radix-ui/react-popover@^1.1.6",
        "npm:@radix-ui/react-progress@^1.1.2",
        "npm:@radix-ui/react-radio-group@^1.2.3",
        "npm:@radix-ui/react-scroll-area@^1.2.3",
        "npm:@radix-ui/react-select@^2.1.6",
        "npm:@radix-ui/react-separator@^1.1.2",
        "npm:@radix-ui/react-slider@^1.2.3",
        "npm:@radix-ui/react-slot@^1.1.2",
        "npm:@radix-ui/react-switch@^1.1.3",
        "npm:@radix-ui/react-tabs@^1.1.3",
        "npm:@radix-ui/react-toast@^1.2.2",
        "npm:@radix-ui/react-toggle-group@^1.1.2",
        "npm:@radix-ui/react-toggle@^1.1.2",
        "npm:@radix-ui/react-tooltip@^1.1.8",
        "npm:@stripe/react-stripe-js@3",
        "npm:@stripe/stripe-js@^5.2.0",
        "npm:@supabase/supabase-js@^2.99.2",
        "npm:@tanstack/react-query@^5.84.1",
        "npm:@types/node@^22.13.5",
        "npm:@types/react-dom@^18.2.22",
        "npm:@types/react@^18.2.66",
        "npm:@vitejs/plugin-react@^4.3.4",
        "npm:autoprefixer@^10.4.20",
        "npm:baseline-browser-mapping@^2.8.32",
        "npm:canvas-confetti@^1.9.4",
        "npm:class-variance-authority@~0.7.1",
        "npm:clsx@^2.1.1",
        "npm:cmdk@1",
        "npm:date-fns@^3.6.0",
        "npm:embla-carousel-react@^8.5.2",
        "npm:eslint-plugin-react-hooks@5",
        "npm:eslint-plugin-react-refresh@~0.4.18",
        "npm:eslint-plugin-react@^7.37.4",
        "npm:eslint-plugin-unused-imports@^4.3.0",
        "npm:eslint@^9.19.0",
        "npm:framer-motion@^11.16.4",
        "npm:globals@^15.14.0",
        "npm:html2canvas@^1.4.1",
        "npm:input-otp@^1.4.2",
        "npm:jspdf@4",
        "npm:lodash@^4.17.21",
        "npm:lucide-react@0.475",
        "npm:mammoth@^1.12.0",
        "npm:moment@^2.30.1",
        "npm:next-themes@~0.4.4",
        "npm:pdfjs-dist@^5.6.205",
        "npm:postcss@^8.5.3",
        "npm:react-day-picker@^8.10.1",
        "npm:react-dom@^18.2.0",
        "npm:react-hook-form@^7.54.2",
        "npm:react-hot-toast@^2.6.0",
        "npm:react-leaflet@^4.2.1",
        "npm:react-markdown@^9.0.1",
        "npm:react-quill@2",
        "npm:react-resizable-panels@^2.1.7",
        "npm:react-router-dom@^6.26.0",
        "npm:react@^18.2.0",
        "npm:recharts@^2.15.4",
        "npm:sonner@^2.0.1",
        "npm:tailwind-merge@^3.0.2",
        "npm:tailwindcss-animate@^1.0.7",
        "npm:tailwindcss@^3.4.17",
        "npm:three@0.171",
        "npm:typescript@^5.8.2",
        "npm:uuid@13",
        "npm:vaul@^1.1.2",
        "npm:vite@^6.1.0",
        "npm:xlsx@~0.18.5",
        "npm:zod@^3.24.2"
      ]
    }
  }
}
